
Microsoft Visual Studio Solution File, Format Version 12.00
# Visual Studio Version 16
VisualStudioVersion = 16.0.33927.289
MinimumVisualStudioVersion = 10.0.40219.1
Project("{2150E333-8FDC-42A3-9474-1A3956D46DE8}") = "task0", "task0", "{2B90E35D-24CC-47D3-9E6A-66713E154403}"
EndProject
Project("{FAE04EC0-301F-11D3-BF4B-00C04F79EFBC}") = "Tyuiu.GorovenkoGV.Sprint5.Task0.V15", "Tyuiu.GorovenkoGV.Sprint5.Task0.V15\Tyuiu.GorovenkoGV.Sprint5.Task0.V15.csproj", "{4E69FDD7-4E4A-4967-BFB4-8BE4434C48A9}"
EndProject
Project("{FAE04EC0-301F-11D3-BF4B-00C04F79EFBC}") = "Tyuiu.GorovenkoGV.Sprint5.Task0.V15.Test", "Tyuiu.GorovenkoGV.Sprint5.Task0.V15.Test\Tyuiu.GorovenkoGV.Sprint5.Task0.V15.Test.csproj", "{F1E0DE59-EC53-4C77-989F-4291EAB8DDFD}"
EndProject
Project("{FAE04EC0-301F-11D3-BF4B-00C04F79EFBC}") = "Tyuiu.GorovenkoGV.Sprint5.Task0.V15.Lib", "Tyuiu.GorovenkoGV.Sprint5.Task0.V15.Lib\Tyuiu.GorovenkoGV.Sprint5.Task0.V15.Lib.csproj", "{23EA54C2-78D9-402A-B5C1-242D092F9D9F}"
EndProject
Global
	GlobalSection(SolutionConfigurationPlatforms) = preSolution
		Debug|Any CPU = Debug|Any CPU
		Release|Any CPU = Release|Any CPU
	EndGlobalSection
	GlobalSection(ProjectConfigurationPlatforms) = postSolution
		{4E69FDD7-4E4A-4967-BFB4-8BE4434C48A9}.Debug|Any CPU.ActiveCfg = Debug|Any CPU
		{4E69FDD7-4E4A-4967-BFB4-8BE4434C48A9}.Debug|Any CPU.Build.0 = Debug|Any CPU
		{4E69FDD7-4E4A-4967-BFB4-8BE4434C48A9}.Release|Any CPU.ActiveCfg = Release|Any CPU
		{4E69FDD7-4E4A-4967-BFB4-8BE4434C48A9}.Release|Any CPU.Build.0 = Release|Any CPU
		{F1E0DE59-EC53-4C77-989F-4291EAB8DDFD}.Debug|Any CPU.ActiveCfg = Debug|Any CPU
		{F1E0DE59-EC53-4C77-989F-4291EAB8DDFD}.Debug|Any CPU.Build.0 = Debug|Any CPU
		{F1E0DE59-EC53-4C77-989F-4291EAB8DDFD}.Release|Any CPU.ActiveCfg = Release|Any CPU
		{F1E0DE59-EC53-4C77-989F-4291EAB8DDFD}.Release|Any CPU.Build.0 = Release|Any CPU
		{23EA54C2-78D9-402A-B5C1-242D092F9D9F}.Debug|Any CPU.ActiveCfg = Debug|Any CPU
		{23EA54C2-78D9-402A-B5C1-242D092F9D9F}.Debug|Any CPU.Build.0 = Debug|Any CPU
		{23EA54C2-78D9-402A-B5C1-242D092F9D9F}.Release|Any CPU.ActiveCfg = Release|Any CPU
		{23EA54C2-78D9-402A-B5C1-242D092F9D9F}.Release|Any CPU.Build.0 = Release|Any CPU
	EndGlobalSection
	GlobalSection(SolutionProperties) = preSolution
		HideSolutionNode = FALSE
	EndGlobalSection
	GlobalSection(NestedProjects) = preSolution
		{4E69FDD7-4E4A-4967-BFB4-8BE4434C48A9} = {2B90E35D-24CC-47D3-9E6A-66713E154403}
		{F1E0DE59-EC53-4C77-989F-4291EAB8DDFD} = {2B90E35D-24CC-47D3-9E6A-66713E154403}
		{23EA54C2-78D9-402A-B5C1-242D092F9D9F} = {2B90E35D-24CC-47D3-9E6A-66713E154403}
	EndGlobalSection
	GlobalSection(ExtensibilityGlobals) = postSolution
		SolutionGuid = {F74CC1E7-6B3C-48C1-9162-1087B75ECE88}
	EndGlobalSection
EndGlobal
