
Microsoft Visual Studio Solution File, Format Version 12.00
# Visual Studio Version 16
VisualStudioVersion = 16.0.33927.289
MinimumVisualStudioVersion = 10.0.40219.1
Project("{2150E333-8FDC-42A3-9474-1A3956D46DE8}") = "task0", "task0", "{2B90E35D-24CC-47D3-9E6A-66713E154403}"
EndProject
Project("{FAE04EC0-301F-11D3-BF4B-00C04F79EFBC}") = "Tyuiu.GorovenkoGV.Sprint5.Task0.V15", "Tyuiu.GorovenkoGV.Sprint5.Task0.V15\Tyuiu.GorovenkoGV.Sprint5.Task0.V15.csproj", "{4E69FDD7-4E4A-4967-BFB4-8BE4434C48A9}"
EndProject
Project("{FAE04EC0-301F-11D3-BF4B-00C04F79EFBC}") = "Tyuiu.GorovenkoGV.Sprint5.Task0.V15.Test", "Tyuiu.GorovenkoGV.Sprint5.Task0.V15.Test\Tyuiu.GorovenkoGV.Sprint5.Task0.V15.Test.csproj", "{F1E0DE59-EC53-4C77-989F-4291EAB8DDFD}"
EndProject
Project("{FAE04EC0-301F-11D3-BF4B-00C04F79EFBC}") = "Tyuiu.GorovenkoGV.Sprint5.Task0.V15.Lib", "Tyuiu.GorovenkoGV.Sprint5.Task0.V15.Lib\Tyuiu.GorovenkoGV.Sprint5.Task0.V15.Lib.csproj", "{23EA54C2-78D9-402A-B5C1-242D092F9D9F}"
EndProject
Project("{2150E333-8FDC-42A3-9474-1A3956D46DE8}") = "task1", "task1", "{DB3FE182-9092-4DF3-823B-8003B36F5B30}"
EndProject
Project("{FAE04EC0-301F-11D3-BF4B-00C04F79EFBC}") = "Tyuiu.GorovenkoGV.Sprint5.Task1.V10", "Tyuiu.GorovenkoGV.Sprint5.Task1.V10\Tyuiu.GorovenkoGV.Sprint5.Task1.V10.csproj", "{423472C1-B113-4CCE-A31C-D285A4EE62CE}"
EndProject
Project("{FAE04EC0-301F-11D3-BF4B-00C04F79EFBC}") = "Tyuiu.GorovenkoGV.Sprint5.Task1.V10.Test", "Tyuiu.GorovenkoGV.Sprint5.Task1.V10.Test\Tyuiu.GorovenkoGV.Sprint5.Task1.V10.Test.csproj", "{E83943F7-FA4D-4829-88D8-797151918A42}"
EndProject
Project("{FAE04EC0-301F-11D3-BF4B-00C04F79EFBC}") = "Tyuiu.GorovenkoGV.Sprint5.Task1.V10.Lib", "Tyuiu.GorovenkoGV.Sprint5.Task1.V10.Lib\Tyuiu.GorovenkoGV.Sprint5.Task1.V10.Lib.csproj", "{F64AEB29-8C6E-4C50-88B9-BD4A4EE2E411}"
EndProject
Project("{2150E333-8FDC-42A3-9474-1A3956D46DE8}") = "task2", "task2", "{A8E79B6F-4343-4A6F-B330-DACAAA4865EC}"
EndProject
Project("{FAE04EC0-301F-11D3-BF4B-00C04F79EFBC}") = "Tyuiu.GorovenkoGV.Sprint5.Task2.V18", "Tyuiu.GorovenkoGV.Sprint5.Task2.V18\Tyuiu.GorovenkoGV.Sprint5.Task2.V18.csproj", "{99412628-0176-450A-A501-FC8A39529D2D}"
EndProject
Project("{FAE04EC0-301F-11D3-BF4B-00C04F79EFBC}") = "Tyuiu.GorovenkoGV.Sprint5.Task2.V18.Test", "Tyuiu.GorovenkoGV.Sprint5.Task2.V18.Test\Tyuiu.GorovenkoGV.Sprint5.Task2.V18.Test.csproj", "{7B58F081-356A-41C1-A5FE-951A71E1F6BF}"
EndProject
Project("{FAE04EC0-301F-11D3-BF4B-00C04F79EFBC}") = "Tyuiu.GorovenkoGV.Sprint5.Task2.V18.Lib", "Tyuiu.GorovenkoGV.Sprint5.Task2.V18.Lib\Tyuiu.GorovenkoGV.Sprint5.Task2.V18.Lib.csproj", "{5FD4077A-1952-412A-9446-904253A00DE8}"
EndProject
Project("{2150E333-8FDC-42A3-9474-1A3956D46DE8}") = "task3", "task3", "{2D2F8426-8A60-4F5D-9FE5-2F8DDE9F8626}"
EndProject
Project("{FAE04EC0-301F-11D3-BF4B-00C04F79EFBC}") = "Tyuiu.GorovenkoGV.Sprint5.Task3.V26", "Tyuiu.GorovenkoGV.Sprint5.Task3.V26\Tyuiu.GorovenkoGV.Sprint5.Task3.V26.csproj", "{FA97F75C-3406-47DD-A24A-F888BA67986A}"
EndProject
Project("{FAE04EC0-301F-11D3-BF4B-00C04F79EFBC}") = "Tyuiu.GorovenkoGV.Sprint5.Task3.V26.Test", "Tyuiu.GorovenkoGV.Sprint5.Task3.V26.Test\Tyuiu.GorovenkoGV.Sprint5.Task3.V26.Test.csproj", "{008A5825-850B-4B14-9679-1D6F81FFA001}"
EndProject
Project("{FAE04EC0-301F-11D3-BF4B-00C04F79EFBC}") = "Tyuiu.GorovenkoGV.Sprint5.Task3.V26.Lib", "Tyuiu.GorovenkoGV.Sprint5.Task3.V26.Lib\Tyuiu.GorovenkoGV.Sprint5.Task3.V26.Lib.csproj", "{CF5E53AC-D114-4F80-84C1-A66D37ADBFA5}"
EndProject
Project("{2150E333-8FDC-42A3-9474-1A3956D46DE8}") = "task4", "task4", "{44694C33-23FB-4700-BF3B-6BD0561725E8}"
EndProject
Project("{FAE04EC0-301F-11D3-BF4B-00C04F79EFBC}") = "Tyuiu.GorovenkoGV.Sprint5.Task4.V20", "Tyuiu.GorovenkoGV.Sprint5.Task4.V20\Tyuiu.GorovenkoGV.Sprint5.Task4.V20.csproj", "{207AA2B0-7EDF-4FC8-B486-C68369C7A32C}"
EndProject
Project("{FAE04EC0-301F-11D3-BF4B-00C04F79EFBC}") = "Tyuiu.GorovenkoGV.Sprint5.Task4.V20.Test", "Tyuiu.GorovenkoGV.Sprint5.Task4.V20.Test\Tyuiu.GorovenkoGV.Sprint5.Task4.V20.Test.csproj", "{C3D33314-2E37-48EB-A702-20F4552FB803}"
EndProject
Project("{FAE04EC0-301F-11D3-BF4B-00C04F79EFBC}") = "Tyuiu.GorovenkoGV.Sprint5.Task4.V20.Lib", "Tyuiu.GorovenkoGV.Sprint5.Task4.V20.Lib\Tyuiu.GorovenkoGV.Sprint5.Task4.V20.Lib.csproj", "{F591D5A3-30BD-4707-AFE2-B1FB5238B1DE}"
EndProject
Project("{2150E333-8FDC-42A3-9474-1A3956D46DE8}") = "task5", "task5", "{F37D0C80-CA5C-437B-9FE5-FC3E8F69175C}"
EndProject
Project("{FAE04EC0-301F-11D3-BF4B-00C04F79EFBC}") = "Tyuiu.GorovenkoGV.Sprint5.Task5.V23", "Tyuiu.GorovenkoGV.Sprint5.Task5.V23\Tyuiu.GorovenkoGV.Sprint5.Task5.V23.csproj", "{A4CC0374-371C-4A97-8789-5DDCABA1F079}"
EndProject
Project("{FAE04EC0-301F-11D3-BF4B-00C04F79EFBC}") = "Tyuiu.GorovenkoGV.Sprint5.Task5.V23.Test", "Tyuiu.GorovenkoGV.Sprint5.Task5.V23.Test\Tyuiu.GorovenkoGV.Sprint5.Task5.V23.Test.csproj", "{55E339D3-6986-4381-9725-20FACB269A65}"
EndProject
Project("{FAE04EC0-301F-11D3-BF4B-00C04F79EFBC}") = "Tyuiu.GorovenkoGV.Sprint5.Task5.V23.Lib", "Tyuiu.GorovenkoGV.Sprint5.Task5.V23.Lib\Tyuiu.GorovenkoGV.Sprint5.Task5.V23.Lib.csproj", "{0C64A3B3-09ED-4AF0-B401-590CE7E17262}"
EndProject
Global
	GlobalSection(SolutionConfigurationPlatforms) = preSolution
		Debug|Any CPU = Debug|Any CPU
		Release|Any CPU = Release|Any CPU
	EndGlobalSection
	GlobalSection(ProjectConfigurationPlatforms) = postSolution
		{4E69FDD7-4E4A-4967-BFB4-8BE4434C48A9}.Debug|Any CPU.ActiveCfg = Debug|Any CPU
		{4E69FDD7-4E4A-4967-BFB4-8BE4434C48A9}.Debug|Any CPU.Build.0 = Debug|Any CPU
		{4E69FDD7-4E4A-4967-BFB4-8BE4434C48A9}.Release|Any CPU.ActiveCfg = Release|Any CPU
		{4E69FDD7-4E4A-4967-BFB4-8BE4434C48A9}.Release|Any CPU.Build.0 = Release|Any CPU
		{F1E0DE59-EC53-4C77-989F-4291EAB8DDFD}.Debug|Any CPU.ActiveCfg = Debug|Any CPU
		{F1E0DE59-EC53-4C77-989F-4291EAB8DDFD}.Debug|Any CPU.Build.0 = Debug|Any CPU
		{F1E0DE59-EC53-4C77-989F-4291EAB8DDFD}.Release|Any CPU.ActiveCfg = Release|Any CPU
		{F1E0DE59-EC53-4C77-989F-4291EAB8DDFD}.Release|Any CPU.Build.0 = Release|Any CPU
		{23EA54C2-78D9-402A-B5C1-242D092F9D9F}.Debug|Any CPU.ActiveCfg = Debug|Any CPU
		{23EA54C2-78D9-402A-B5C1-242D092F9D9F}.Debug|Any CPU.Build.0 = Debug|Any CPU
		{23EA54C2-78D9-402A-B5C1-242D092F9D9F}.Release|Any CPU.ActiveCfg = Release|Any CPU
		{23EA54C2-78D9-402A-B5C1-242D092F9D9F}.Release|Any CPU.Build.0 = Release|Any CPU
		{423472C1-B113-4CCE-A31C-D285A4EE62CE}.Debug|Any CPU.ActiveCfg = Debug|Any CPU
		{423472C1-B113-4CCE-A31C-D285A4EE62CE}.Debug|Any CPU.Build.0 = Debug|Any CPU
		{423472C1-B113-4CCE-A31C-D285A4EE62CE}.Release|Any CPU.ActiveCfg = Release|Any CPU
		{423472C1-B113-4CCE-A31C-D285A4EE62CE}.Release|Any CPU.Build.0 = Release|Any CPU
		{E83943F7-FA4D-4829-88D8-797151918A42}.Debug|Any CPU.ActiveCfg = Debug|Any CPU
		{E83943F7-FA4D-4829-88D8-797151918A42}.Debug|Any CPU.Build.0 = Debug|Any CPU
		{E83943F7-FA4D-4829-88D8-797151918A42}.Release|Any CPU.ActiveCfg = Release|Any CPU
		{E83943F7-FA4D-4829-88D8-797151918A42}.Release|Any CPU.Build.0 = Release|Any CPU
		{F64AEB29-8C6E-4C50-88B9-BD4A4EE2E411}.Debug|Any CPU.ActiveCfg = Debug|Any CPU
		{F64AEB29-8C6E-4C50-88B9-BD4A4EE2E411}.Debug|Any CPU.Build.0 = Debug|Any CPU
		{F64AEB29-8C6E-4C50-88B9-BD4A4EE2E411}.Release|Any CPU.ActiveCfg = Release|Any CPU
		{F64AEB29-8C6E-4C50-88B9-BD4A4EE2E411}.Release|Any CPU.Build.0 = Release|Any CPU
		{99412628-0176-450A-A501-FC8A39529D2D}.Debug|Any CPU.ActiveCfg = Debug|Any CPU
		{99412628-0176-450A-A501-FC8A39529D2D}.Debug|Any CPU.Build.0 = Debug|Any CPU
		{99412628-0176-450A-A501-FC8A39529D2D}.Release|Any CPU.ActiveCfg = Release|Any CPU
		{99412628-0176-450A-A501-FC8A39529D2D}.Release|Any CPU.Build.0 = Release|Any CPU
		{7B58F081-356A-41C1-A5FE-951A71E1F6BF}.Debug|Any CPU.ActiveCfg = Debug|Any CPU
		{7B58F081-356A-41C1-A5FE-951A71E1F6BF}.Debug|Any CPU.Build.0 = Debug|Any CPU
		{7B58F081-356A-41C1-A5FE-951A71E1F6BF}.Release|Any CPU.ActiveCfg = Release|Any CPU
		{7B58F081-356A-41C1-A5FE-951A71E1F6BF}.Release|Any CPU.Build.0 = Release|Any CPU
		{5FD4077A-1952-412A-9446-904253A00DE8}.Debug|Any CPU.ActiveCfg = Debug|Any CPU
		{5FD4077A-1952-412A-9446-904253A00DE8}.Debug|Any CPU.Build.0 = Debug|Any CPU
		{5FD4077A-1952-412A-9446-904253A00DE8}.Release|Any CPU.ActiveCfg = Release|Any CPU
		{5FD4077A-1952-412A-9446-904253A00DE8}.Release|Any CPU.Build.0 = Release|Any CPU
		{FA97F75C-3406-47DD-A24A-F888BA67986A}.Debug|Any CPU.ActiveCfg = Debug|Any CPU
		{FA97F75C-3406-47DD-A24A-F888BA67986A}.Debug|Any CPU.Build.0 = Debug|Any CPU
		{FA97F75C-3406-47DD-A24A-F888BA67986A}.Release|Any CPU.ActiveCfg = Release|Any CPU
		{FA97F75C-3406-47DD-A24A-F888BA67986A}.Release|Any CPU.Build.0 = Release|Any CPU
		{008A5825-850B-4B14-9679-1D6F81FFA001}.Debug|Any CPU.ActiveCfg = Debug|Any CPU
		{008A5825-850B-4B14-9679-1D6F81FFA001}.Debug|Any CPU.Build.0 = Debug|Any CPU
		{008A5825-850B-4B14-9679-1D6F81FFA001}.Release|Any CPU.ActiveCfg = Release|Any CPU
		{008A5825-850B-4B14-9679-1D6F81FFA001}.Release|Any CPU.Build.0 = Release|Any CPU
		{CF5E53AC-D114-4F80-84C1-A66D37ADBFA5}.Debug|Any CPU.ActiveCfg = Debug|Any CPU
		{CF5E53AC-D114-4F80-84C1-A66D37ADBFA5}.Debug|Any CPU.Build.0 = Debug|Any CPU
		{CF5E53AC-D114-4F80-84C1-A66D37ADBFA5}.Release|Any CPU.ActiveCfg = Release|Any CPU
		{CF5E53AC-D114-4F80-84C1-A66D37ADBFA5}.Release|Any CPU.Build.0 = Release|Any CPU
		{207AA2B0-7EDF-4FC8-B486-C68369C7A32C}.Debug|Any CPU.ActiveCfg = Debug|Any CPU
		{207AA2B0-7EDF-4FC8-B486-C68369C7A32C}.Debug|Any CPU.Build.0 = Debug|Any CPU
		{207AA2B0-7EDF-4FC8-B486-C68369C7A32C}.Release|Any CPU.ActiveCfg = Release|Any CPU
		{207AA2B0-7EDF-4FC8-B486-C68369C7A32C}.Release|Any CPU.Build.0 = Release|Any CPU
		{C3D33314-2E37-48EB-A702-20F4552FB803}.Debug|Any CPU.ActiveCfg = Debug|Any CPU
		{C3D33314-2E37-48EB-A702-20F4552FB803}.Debug|Any CPU.Build.0 = Debug|Any CPU
		{C3D33314-2E37-48EB-A702-20F4552FB803}.Release|Any CPU.ActiveCfg = Release|Any CPU
		{C3D33314-2E37-48EB-A702-20F4552FB803}.Release|Any CPU.Build.0 = Release|Any CPU
		{F591D5A3-30BD-4707-AFE2-B1FB5238B1DE}.Debug|Any CPU.ActiveCfg = Debug|Any CPU
		{F591D5A3-30BD-4707-AFE2-B1FB5238B1DE}.Debug|Any CPU.Build.0 = Debug|Any CPU
		{F591D5A3-30BD-4707-AFE2-B1FB5238B1DE}.Release|Any CPU.ActiveCfg = Release|Any CPU
		{F591D5A3-30BD-4707-AFE2-B1FB5238B1DE}.Release|Any CPU.Build.0 = Release|Any CPU
		{A4CC0374-371C-4A97-8789-5DDCABA1F079}.Debug|Any CPU.ActiveCfg = Debug|Any CPU
		{A4CC0374-371C-4A97-8789-5DDCABA1F079}.Debug|Any CPU.Build.0 = Debug|Any CPU
		{A4CC0374-371C-4A97-8789-5DDCABA1F079}.Release|Any CPU.ActiveCfg = Release|Any CPU
		{A4CC0374-371C-4A97-8789-5DDCABA1F079}.Release|Any CPU.Build.0 = Release|Any CPU
		{55E339D3-6986-4381-9725-20FACB269A65}.Debug|Any CPU.ActiveCfg = Debug|Any CPU
		{55E339D3-6986-4381-9725-20FACB269A65}.Debug|Any CPU.Build.0 = Debug|Any CPU
		{55E339D3-6986-4381-9725-20FACB269A65}.Release|Any CPU.ActiveCfg = Release|Any CPU
		{55E339D3-6986-4381-9725-20FACB269A65}.Release|Any CPU.Build.0 = Release|Any CPU
		{0C64A3B3-09ED-4AF0-B401-590CE7E17262}.Debug|Any CPU.ActiveCfg = Debug|Any CPU
		{0C64A3B3-09ED-4AF0-B401-590CE7E17262}.Debug|Any CPU.Build.0 = Debug|Any CPU
		{0C64A3B3-09ED-4AF0-B401-590CE7E17262}.Release|Any CPU.ActiveCfg = Release|Any CPU
		{0C64A3B3-09ED-4AF0-B401-590CE7E17262}.Release|Any CPU.Build.0 = Release|Any CPU
	EndGlobalSection
	GlobalSection(SolutionProperties) = preSolution
		HideSolutionNode = FALSE
	EndGlobalSection
	GlobalSection(NestedProjects) = preSolution
		{4E69FDD7-4E4A-4967-BFB4-8BE4434C48A9} = {2B90E35D-24CC-47D3-9E6A-66713E154403}
		{F1E0DE59-EC53-4C77-989F-4291EAB8DDFD} = {2B90E35D-24CC-47D3-9E6A-66713E154403}
		{23EA54C2-78D9-402A-B5C1-242D092F9D9F} = {2B90E35D-24CC-47D3-9E6A-66713E154403}
		{423472C1-B113-4CCE-A31C-D285A4EE62CE} = {DB3FE182-9092-4DF3-823B-8003B36F5B30}
		{E83943F7-FA4D-4829-88D8-797151918A42} = {DB3FE182-9092-4DF3-823B-8003B36F5B30}
		{F64AEB29-8C6E-4C50-88B9-BD4A4EE2E411} = {DB3FE182-9092-4DF3-823B-8003B36F5B30}
		{99412628-0176-450A-A501-FC8A39529D2D} = {A8E79B6F-4343-4A6F-B330-DACAAA4865EC}
		{7B58F081-356A-41C1-A5FE-951A71E1F6BF} = {A8E79B6F-4343-4A6F-B330-DACAAA4865EC}
		{5FD4077A-1952-412A-9446-904253A00DE8} = {A8E79B6F-4343-4A6F-B330-DACAAA4865EC}
		{FA97F75C-3406-47DD-A24A-F888BA67986A} = {2D2F8426-8A60-4F5D-9FE5-2F8DDE9F8626}
		{008A5825-850B-4B14-9679-1D6F81FFA001} = {2D2F8426-8A60-4F5D-9FE5-2F8DDE9F8626}
		{CF5E53AC-D114-4F80-84C1-A66D37ADBFA5} = {2D2F8426-8A60-4F5D-9FE5-2F8DDE9F8626}
		{207AA2B0-7EDF-4FC8-B486-C68369C7A32C} = {44694C33-23FB-4700-BF3B-6BD0561725E8}
		{C3D33314-2E37-48EB-A702-20F4552FB803} = {44694C33-23FB-4700-BF3B-6BD0561725E8}
		{F591D5A3-30BD-4707-AFE2-B1FB5238B1DE} = {44694C33-23FB-4700-BF3B-6BD0561725E8}
		{A4CC0374-371C-4A97-8789-5DDCABA1F079} = {F37D0C80-CA5C-437B-9FE5-FC3E8F69175C}
		{55E339D3-6986-4381-9725-20FACB269A65} = {F37D0C80-CA5C-437B-9FE5-FC3E8F69175C}
		{0C64A3B3-09ED-4AF0-B401-590CE7E17262} = {F37D0C80-CA5C-437B-9FE5-FC3E8F69175C}
	EndGlobalSection
	GlobalSection(ExtensibilityGlobals) = postSolution
		SolutionGuid = {F74CC1E7-6B3C-48C1-9162-1087B75ECE88}
	EndGlobalSection
EndGlobal
